
Microsoft Visual Studio Solution File, Format Version 12.00
# Visual Studio Version 16
VisualStudioVersion = 16.0.30804.86
MinimumVisualStudioVersion = 10.0.40219.1
Project("{FAE04EC0-301F-11D3-BF4B-00C04F79EFBC}") = "Hangman", "Hangman.csproj", "{53C04252-A840-44A3-827D-D75205B351A9}"
EndProject
Global
	GlobalSection(SolutionConfigurationPlatforms) = preSolution
		Debug|Any CPU = Debug|Any CPU
		Release|Any CPU = Release|Any CPU
	EndGlobalSection
	GlobalSection(ProjectConfigurationPlatforms) = postSolution
		{53C04252-A840-44A3-827D-D75205B351A9}.Debug|Any CPU.ActiveCfg = Debug|Any CPU
		{53C04252-A840-44A3-827D-D75205B351A9}.Debug|Any CPU.Build.0 = Debug|Any CPU
		{53C04252-A840-44A3-827D-D75205B351A9}.Release|Any CPU.ActiveCfg = Release|Any CPU
		{53C04252-A840-44A3-827D-D75205B351A9}.Release|Any CPU.Build.0 = Release|Any CPU
	EndGlobalSection
	GlobalSection(SolutionProperties) = preSolution
		HideSolutionNode = FALSE
	EndGlobalSection
	GlobalSection(ExtensibilityGlobals) = postSolution
		SolutionGuid = {03C9A77E-B6AE-444E-B890-49B00851D530}
	EndGlobalSection
EndGlobal
